
Microsoft Visual Studio Solution File, Format Version 12.00
# Visual Studio Version 16
VisualStudioVersion = 16.0.31702.278
MinimumVisualStudioVersion = 10.0.40219.1
Project("{FAE04EC0-301F-11D3-BF4B-00C04F79EFBC}") = "Занятие 13", "Занятие 13\Занятие 13.csproj", "{EC38C453-EB94-422B-BA98-D9D0D51700E6}"
EndProject
Global
	GlobalSection(SolutionConfigurationPlatforms) = preSolution
		Debug|Any CPU = Debug|Any CPU
		Release|Any CPU = Release|Any CPU
	EndGlobalSection
	GlobalSection(ProjectConfigurationPlatforms) = postSolution
		{EC38C453-EB94-422B-BA98-D9D0D51700E6}.Debug|Any CPU.ActiveCfg = Debug|Any CPU
		{EC38C453-EB94-422B-BA98-D9D0D51700E6}.Debug|Any CPU.Build.0 = Debug|Any CPU
		{EC38C453-EB94-422B-BA98-D9D0D51700E6}.Release|Any CPU.ActiveCfg = Release|Any CPU
		{EC38C453-EB94-422B-BA98-D9D0D51700E6}.Release|Any CPU.Build.0 = Release|Any CPU
	EndGlobalSection
	GlobalSection(SolutionProperties) = preSolution
		HideSolutionNode = FALSE
	EndGlobalSection
	GlobalSection(ExtensibilityGlobals) = postSolution
		SolutionGuid = {7E29E888-F929-4209-A359-EFB97A2B01DC}
	EndGlobalSection
EndGlobal
